
Microsoft Visual Studio Solution File, Format Version 12.00
# Visual Studio 2013
VisualStudioVersion = 12.0.31101.0
MinimumVisualStudioVersion = 10.0.40219.1
Project("{FAE04EC0-301F-11D3-BF4B-00C04F79EFBC}") = "Site", "Site\Site.csproj", "{42D524AA-D7D4-49FF-9CFE-CD50920C97A2}"
EndProject
Project("{FAE04EC0-301F-11D3-BF4B-00C04F79EFBC}") = "Servicing", "Servicing\Servicing.csproj", "{22CCF772-11F8-4613-BF84-49CF713AF658}"
EndProject
Global
	GlobalSection(SolutionConfigurationPlatforms) = preSolution
		Debug|Any CPU = Debug|Any CPU
		Release|Any CPU = Release|Any CPU
	EndGlobalSection
	GlobalSection(ProjectConfigurationPlatforms) = postSolution
		{42D524AA-D7D4-49FF-9CFE-CD50920C97A2}.Debug|Any CPU.ActiveCfg = Debug|Any CPU
		{42D524AA-D7D4-49FF-9CFE-CD50920C97A2}.Debug|Any CPU.Build.0 = Debug|Any CPU
		{42D524AA-D7D4-49FF-9CFE-CD50920C97A2}.Release|Any CPU.ActiveCfg = Release|Any CPU
		{42D524AA-D7D4-49FF-9CFE-CD50920C97A2}.Release|Any CPU.Build.0 = Release|Any CPU
		{22CCF772-11F8-4613-BF84-49CF713AF658}.Debug|Any CPU.ActiveCfg = Debug|Any CPU
		{22CCF772-11F8-4613-BF84-49CF713AF658}.Debug|Any CPU.Build.0 = Debug|Any CPU
		{22CCF772-11F8-4613-BF84-49CF713AF658}.Release|Any CPU.ActiveCfg = Release|Any CPU
		{22CCF772-11F8-4613-BF84-49CF713AF658}.Release|Any CPU.Build.0 = Release|Any CPU
	EndGlobalSection
	GlobalSection(SolutionProperties) = preSolution
		HideSolutionNode = FALSE
	EndGlobalSection
EndGlobal
